{
  "projects": [
    {
      "projectId": "enk3K4vZ6pmH6kVCoZJXGn",
      "version": "4.17.0",
      "dependencies": {},
      "lang": "ts",
      "fileLocks": [
        {
          "assetId": "enk3K4vZ6pmH6kVCoZJXGn",
          "type": "projectCss",
          "checksum": "46129a8140f7bf604dec903e19777f53"
        }
      ],
      "codegenVersion": "0.0.1"
    },
    {
      "projectId": "r3ASNrnyvLLLAtDvzUioQ",
      "version": "3.18.0",
      "dependencies": {},
      "lang": "ts",
      "fileLocks": [
        {
          "assetId": "r3ASNrnyvLLLAtDvzUioQ",
          "type": "projectCss",
          "checksum": "97ec772be5160e37b26814fd84fdccb9"
        }
      ],
      "codegenVersion": "0.0.1"
    },
    {
      "projectId": "caTPwKxj5ZrD9LQ7DMdK4Z",
      "version": "3.21.0",
      "dependencies": {},
      "lang": "ts",
      "fileLocks": [
        {
          "assetId": "caTPwKxj5ZrD9LQ7DMdK4Z",
          "type": "projectCss",
          "checksum": "e1ec850476829c38b0f9b6d4f7ac446a"
        }
      ],
      "codegenVersion": "0.0.1"
    },
    {
      "projectId": "jkU633o1Cz7HrJdwdxhVHk",
      "version": "16.0.1",
      "dependencies": {},
      "lang": "ts",
      "fileLocks": [
        {
          "assetId": "jkU633o1Cz7HrJdwdxhVHk",
          "type": "projectCss",
          "checksum": "e1ec850476829c38b0f9b6d4f7ac446a"
        }
      ],
      "codegenVersion": "0.0.1"
    },
    {
      "projectId": "ohDidvG9XsCeFumugENU3J",
      "version": "4.11.1",
      "dependencies": {},
      "lang": "ts",
      "fileLocks": [
        {
          "assetId": "ohDidvG9XsCeFumugENU3J",
          "type": "projectCss",
          "checksum": "fd83b730367fdbde2c69bc6cf31c2a3c"
        },
        {
          "assetId": "ohDidvG9XsCeFumugENU3J",
          "checksum": "8f45a75070e2f0edc34a4dc3d5f6b736",
          "type": "globalContexts"
        }
      ],
      "codegenVersion": "0.0.1"
    },
    {
      "projectId": "7nJ7UcFmq9UzB6eXfC5z4a",
      "version": "0.19.0",
      "dependencies": {},
      "lang": "ts",
      "fileLocks": [
        {
          "assetId": "7nJ7UcFmq9UzB6eXfC5z4a",
          "type": "projectCss",
          "checksum": "05587b57f22f0ec8bb54543deb39762e"
        }
      ],
      "codegenVersion": "0.0.1"
    },
    {
      "projectId": "eweqq7h9oPPXmhNg71Z2fg",
      "version": "latest",
      "dependencies": {
        "7nJ7UcFmq9UzB6eXfC5z4a": "0.19.0",
        "ohDidvG9XsCeFumugENU3J": "4.11.1",
        "jkU633o1Cz7HrJdwdxhVHk": "16.0.1",
        "caTPwKxj5ZrD9LQ7DMdK4Z": "3.21.0",
        "r3ASNrnyvLLLAtDvzUioQ": "3.18.0",
        "enk3K4vZ6pmH6kVCoZJXGn": "4.17.0"
      },
      "lang": "ts",
      "fileLocks": [
        {
          "type": "globalVariant",
          "assetId": "irLlT7pM-7c7",
          "checksum": "3596c5f2f5dfb48487276be5bdf80db2"
        },
        {
          "assetId": "eweqq7h9oPPXmhNg71Z2fg",
          "checksum": "c0e3161aa2a9f58bc8a6144cb0b3c43f",
          "type": "globalContexts"
        },
        {
          "type": "renderModule",
          "assetId": "LBNvwF65G3Em",
          "checksum": "b676f3844f07ad5901b8c40c6bab1b92"
        },
        {
          "type": "cssRules",
          "assetId": "LBNvwF65G3Em",
          "checksum": "b676f3844f07ad5901b8c40c6bab1b92"
        },
        {
          "type": "renderModule",
          "assetId": "nqp6ufvZoI04",
          "checksum": "5a203184b36f29f4df0f76aa4b3e2134"
        },
        {
          "type": "cssRules",
          "assetId": "nqp6ufvZoI04",
          "checksum": "5a203184b36f29f4df0f76aa4b3e2134"
        },
        {
          "type": "renderModule",
          "assetId": "-SvZBQaiDUT6",
          "checksum": "e2de38a1e07a04b63a854b1e92fc7c3e"
        },
        {
          "type": "cssRules",
          "assetId": "-SvZBQaiDUT6",
          "checksum": "e2de38a1e07a04b63a854b1e92fc7c3e"
        },
        {
          "type": "renderModule",
          "assetId": "LqYGbQm8EcWv",
          "checksum": "19ce6b1f39ef06f9af22cd8f9d7754ce"
        },
        {
          "type": "cssRules",
          "assetId": "LqYGbQm8EcWv",
          "checksum": "19ce6b1f39ef06f9af22cd8f9d7754ce"
        },
        {
          "type": "renderModule",
          "assetId": "0GG8n9BMOzpQ",
          "checksum": "22025d3208430a0357023382f8686a05"
        },
        {
          "type": "cssRules",
          "assetId": "0GG8n9BMOzpQ",
          "checksum": "22025d3208430a0357023382f8686a05"
        },
        {
          "type": "renderModule",
          "assetId": "zJW3WbZ8SBZU",
          "checksum": "dd6a6e81aae46ecc7d2c05b2abf92a91"
        },
        {
          "type": "cssRules",
          "assetId": "zJW3WbZ8SBZU",
          "checksum": "dd6a6e81aae46ecc7d2c05b2abf92a91"
        },
        {
          "type": "renderModule",
          "assetId": "wpWq5Vsaf_T6",
          "checksum": "7f1cbe707777f86f18a3adf6f5d94ff6"
        },
        {
          "type": "cssRules",
          "assetId": "wpWq5Vsaf_T6",
          "checksum": "7f1cbe707777f86f18a3adf6f5d94ff6"
        },
        {
          "type": "renderModule",
          "assetId": "vpTZiSovOyih",
          "checksum": "9debfeaabd32b260d937674618ed3e4c"
        },
        {
          "type": "cssRules",
          "assetId": "vpTZiSovOyih",
          "checksum": "9debfeaabd32b260d937674618ed3e4c"
        },
        {
          "type": "renderModule",
          "assetId": "vI7n87EOSXT",
          "checksum": "0184cae2de3a40cbbdf2477794b8a40f"
        },
        {
          "type": "cssRules",
          "assetId": "vI7n87EOSXT",
          "checksum": "0184cae2de3a40cbbdf2477794b8a40f"
        },
        {
          "type": "renderModule",
          "assetId": "G9asBr2dMf",
          "checksum": "dc0bc87d1eb04d8680951acb1e68e5e9"
        },
        {
          "type": "cssRules",
          "assetId": "G9asBr2dMf",
          "checksum": "dc0bc87d1eb04d8680951acb1e68e5e9"
        },
        {
          "type": "renderModule",
          "assetId": "T3xw65d63J",
          "checksum": "4baafe71771b978ed004cdc810aa6fd2"
        },
        {
          "type": "cssRules",
          "assetId": "T3xw65d63J",
          "checksum": "4baafe71771b978ed004cdc810aa6fd2"
        },
        {
          "type": "icon",
          "assetId": "HBrIiB4pj-v",
          "checksum": "ff2dc50878bff28ae6761515efe8d9fd"
        },
        {
          "type": "icon",
          "assetId": "_5PRu9fb9V1",
          "checksum": "1198c2648c5dad28dea42906e032365c"
        },
        {
          "type": "icon",
          "assetId": "3ZDr0EdEa87",
          "checksum": "86deb4b1ca99a4917bcae8209f0e9126"
        },
        {
          "type": "icon",
          "assetId": "AKfBmABSaiz",
          "checksum": "44285c8a680973c29bc999a79cd7d0ad"
        },
        {
          "type": "icon",
          "assetId": "lD_FBUSJ2_c",
          "checksum": "04de030a26aafb760e695077fab2e302"
        },
        {
          "type": "icon",
          "assetId": "rl2fVbmbFcI",
          "checksum": "3f71629954b78ff2cb7298d119a031b0"
        },
        {
          "type": "icon",
          "assetId": "DGLp1qLb6Sy",
          "checksum": "8b18f4819ff35271378c0a66f245d37d"
        },
        {
          "type": "icon",
          "assetId": "O3i-JYeqiLF",
          "checksum": "5bf250bf7960ed85fbba67714edf05b1"
        },
        {
          "type": "icon",
          "assetId": "KNsgRRkWUhy",
          "checksum": "4babb75ccc65ee2f9bc81cf305de7cb9"
        },
        {
          "type": "icon",
          "assetId": "VSJTM7y8DGP",
          "checksum": "a6a1fe8369ceba3c6006d9db96621c7e"
        },
        {
          "type": "icon",
          "assetId": "va4Dbs6cN",
          "checksum": "f5289947691a8e3ad108062fb57ee96d"
        },
        {
          "type": "icon",
          "assetId": "MO5bOueWO",
          "checksum": "c868dd8e2970dd30d484c704a09df1c6"
        },
        {
          "type": "image",
          "assetId": "Lko2p64x4ap",
          "checksum": "6bfb3659f5db098573bae5272802ffac"
        },
        {
          "type": "image",
          "assetId": "LfVd_QhBSbR",
          "checksum": "9b71c5df43113ec9ef2d37af8615da30"
        },
        {
          "type": "image",
          "assetId": "OGRDDap_7yT",
          "checksum": "ef3b58d57690eb018b6cee8dd6b738d7"
        },
        {
          "type": "image",
          "assetId": "X3hPEUEnacQ",
          "checksum": "c240e5ff010e2fdfae14d7a30294f4c2"
        },
        {
          "type": "image",
          "assetId": "C66i76QPU44",
          "checksum": "e41e0af347abb98b81545656edc7ed4c"
        },
        {
          "type": "image",
          "assetId": "UJ7gji_GCgT",
          "checksum": "6dfcf56315e76ed4468d1b0bebc314fb"
        },
        {
          "type": "image",
          "assetId": "0rZZ9kmxj9H",
          "checksum": "8435b2d1dcc9cd338230cdab733432c7"
        },
        {
          "type": "image",
          "assetId": "4L4VQFPNczJ",
          "checksum": "5d4066c4ecb2849bdbbd07196d634700"
        },
        {
          "type": "image",
          "assetId": "mpZ227BNXyf",
          "checksum": "5282f56e728aafb065899e9f378a4e18"
        },
        {
          "type": "image",
          "assetId": "p02MrdHLru2",
          "checksum": "d904c4bce3b39b9e908ebc320c653604"
        },
        {
          "type": "image",
          "assetId": "cOe8hN2s-Sx",
          "checksum": "b1c30b47aa7741fa14c25742af121d89"
        },
        {
          "type": "image",
          "assetId": "wgFB9vKHYgW",
          "checksum": "bfa5b36bf17d534419c9079c70216b7b"
        },
        {
          "type": "image",
          "assetId": "y-JBlx9A0yW",
          "checksum": "b037b1ac6c816a6d43a7bf03c3f71208"
        },
        {
          "type": "image",
          "assetId": "vvSOU9mpMOh",
          "checksum": "4dfce2f3a61b4c066df93339576bdad4"
        },
        {
          "type": "image",
          "assetId": "3EAw3LPBi8O",
          "checksum": "e7ea6199e04602b3bfdbebc36a5b3260"
        },
        {
          "type": "image",
          "assetId": "cdsfUWDA5LF",
          "checksum": "498b4034a9429535716f5c5e0f58e534"
        },
        {
          "type": "image",
          "assetId": "vm2dqt4Sa-U",
          "checksum": "4d85b7bd46bad3777f52f2ddb9cf89b8"
        },
        {
          "type": "image",
          "assetId": "fM2XotSR96A",
          "checksum": "55ea793bec553d44b6012b35c4c1fce9"
        },
        {
          "type": "image",
          "assetId": "Vi_irASEliV",
          "checksum": "eb5ed17ee95eec7e08c6ac2d5bcbed2a"
        },
        {
          "type": "image",
          "assetId": "R_jBv9iL2rZ",
          "checksum": "4b41cef0a89ace4cb57ae3be952e9c38"
        },
        {
          "type": "image",
          "assetId": "SjqRVjZD_pq",
          "checksum": "9c9e44731616c4e3d7d46d4aa7c91001"
        },
        {
          "type": "image",
          "assetId": "cANO29f9dC9",
          "checksum": "fa16e53ee459da773de996481786572a"
        },
        {
          "type": "image",
          "assetId": "G9Dacvj5tK5",
          "checksum": "c483d8e95e00ce0b5bbcccc0dbd0f7f6"
        },
        {
          "type": "image",
          "assetId": "47M0L6yI2Wl",
          "checksum": "184bacafe4556755b8d1d1d44f8a862f"
        },
        {
          "type": "image",
          "assetId": "WS2sXqa9B_0",
          "checksum": "9cf901a8208254cbd2b07bb1a0f70a89"
        },
        {
          "type": "image",
          "assetId": "Lw051mDnlgh",
          "checksum": "38e74b991463fad7aecbfa49c9b1a503"
        },
        {
          "type": "image",
          "assetId": "HxQzb_xwfUZ",
          "checksum": "af979903794371110df029c3c5605183"
        },
        {
          "type": "image",
          "assetId": "p8L_OeuIaWM",
          "checksum": "42ad5bc859d6e872cd4bff9e12275e00"
        },
        {
          "type": "image",
          "assetId": "wXJNT4E9zhj",
          "checksum": "ea2c10d55aa288c19cf493a226987481"
        },
        {
          "type": "image",
          "assetId": "2xxM7FTUSNu",
          "checksum": "d006fd79c1793d7e3289a7baabeb91f9"
        },
        {
          "type": "image",
          "assetId": "Cbp-7pRWlZ4",
          "checksum": "7bc0b3ef55e3e69e644e6c0199e2ba8a"
        },
        {
          "type": "image",
          "assetId": "sEtXFOheYR_",
          "checksum": "047150defb1375237c11d4f8fcfb0618"
        },
        {
          "type": "image",
          "assetId": "IZgC4XZ39VW",
          "checksum": "12aa96a0038e8d7d6bf40fd206958e53"
        },
        {
          "type": "image",
          "assetId": "SeW7jRn4nhf",
          "checksum": "ee639c53572d800a1d650f0589feeb23"
        },
        {
          "type": "image",
          "assetId": "xpEbs2fmhX7",
          "checksum": "86f83076d6e5e5e3bd4bd7977a10b731"
        },
        {
          "type": "image",
          "assetId": "Iz3vqqJ_85L",
          "checksum": "d9f30cb47a3bccb87b21a802e2e2a422"
        },
        {
          "type": "image",
          "assetId": "qBg0Z4Ey-ZT",
          "checksum": "078b27c4a9f6e653d85cda42032d4fe7"
        },
        {
          "type": "image",
          "assetId": "2HXtDkn7EMm",
          "checksum": "e0fdecd4583c749191a0e9da258123e0"
        },
        {
          "type": "image",
          "assetId": "F4MRin5A9d_",
          "checksum": "f809776116296b889068d6d371411a75"
        },
        {
          "type": "image",
          "assetId": "-qlWrsIKz_f",
          "checksum": "cc4aa44d23a3246a8619f1813b1171e9"
        },
        {
          "type": "image",
          "assetId": "M_XhkJkRR3-",
          "checksum": "6c0e1b0d1ab6dc92ebdee1ce43209326"
        },
        {
          "type": "image",
          "assetId": "NSZFD6dEX",
          "checksum": "9f3856f5b839995f9e72bb46edb5ab12"
        },
        {
          "type": "image",
          "assetId": "szKDund6L",
          "checksum": "d7692fd7198ebfc7d6a49039874b1ede"
        },
        {
          "type": "image",
          "assetId": "0doE0zkr0",
          "checksum": "2a52a040e8e85a09f8b724949eadd60c"
        },
        {
          "type": "image",
          "assetId": "7WBkad1VH",
          "checksum": "4e37d975e43491b877a60a27f3c8f63a"
        },
        {
          "type": "image",
          "assetId": "N7HzP8A2l",
          "checksum": "3ebfa4e44521bc481f41abbe28a4ceb9"
        },
        {
          "type": "image",
          "assetId": "kA5cQ-UeZ",
          "checksum": "aa069bb494e2732025bdeea8f97beaf4"
        },
        {
          "type": "image",
          "assetId": "v1eLmgdg_",
          "checksum": "5a4da80a1027ecb5caea6eb799b09685"
        },
        {
          "type": "image",
          "assetId": "8yJjf86V4",
          "checksum": "f5efacc1f2eff9e5014c04242e24d784"
        },
        {
          "type": "image",
          "assetId": "3PtHNW5vI",
          "checksum": "2901a30303599079dc9cd7b897fb90c5"
        },
        {
          "type": "image",
          "assetId": "CV-wCKqpn",
          "checksum": "eb4a48209fb3952e7c1ab6874384ab22"
        },
        {
          "assetId": "eweqq7h9oPPXmhNg71Z2fg",
          "type": "projectCss",
          "checksum": "1820d69659dbab7fc5e66c4775117d41"
        }
      ],
      "codegenVersion": "0.0.1"
    }
  ],
  "cliVersion": "0.1.303"
}
